
Microsoft Visual Studio Solution File, Format Version 12.00
# Visual Studio Version 17
VisualStudioVersion = 17.9.34616.47
MinimumVisualStudioVersion = 10.0.40219.1
Project("{FAE04EC0-301F-11D3-BF4B-00C04F79EFBC}") = "relatorio-ti", "relatorio-ti.csproj", "{6373D33C-224F-4485-8EDA-26E1EF492CD9}"
EndProject
Global
	GlobalSection(SolutionConfigurationPlatforms) = preSolution
		Debug|Any CPU = Debug|Any CPU
		Release|Any CPU = Release|Any CPU
	EndGlobalSection
	GlobalSection(ProjectConfigurationPlatforms) = postSolution
		{6373D33C-224F-4485-8EDA-26E1EF492CD9}.Debug|Any CPU.ActiveCfg = Debug|Any CPU
		{6373D33C-224F-4485-8EDA-26E1EF492CD9}.Debug|Any CPU.Build.0 = Debug|Any CPU
		{6373D33C-224F-4485-8EDA-26E1EF492CD9}.Release|Any CPU.ActiveCfg = Release|Any CPU
		{6373D33C-224F-4485-8EDA-26E1EF492CD9}.Release|Any CPU.Build.0 = Release|Any CPU
	EndGlobalSection
	GlobalSection(SolutionProperties) = preSolution
		HideSolutionNode = FALSE
	EndGlobalSection
	GlobalSection(ExtensibilityGlobals) = postSolution
		SolutionGuid = {21094AFB-E9C1-459F-9306-16C3AF8E872F}
	EndGlobalSection
EndGlobal
